
Microsoft Visual Studio Solution File, Format Version 12.00
# Visual Studio Version 17
VisualStudioVersion = 17.14.36705.20 d17.14
MinimumVisualStudioVersion = 10.0.40219.1
Project("{FAE04EC0-301F-11D3-BF4B-00C04F79EFBC}") = "VoidCompany", "VoidCompany.csproj", "{F6A8E8E7-AA12-415E-BEFB-0DA04CC724E5}"
EndProject
Global
	GlobalSection(SolutionConfigurationPlatforms) = preSolution
		Debug|Any CPU = Debug|Any CPU
		Release|Any CPU = Release|Any CPU
	EndGlobalSection
	GlobalSection(ProjectConfigurationPlatforms) = postSolution
		{F6A8E8E7-AA12-415E-BEFB-0DA04CC724E5}.Debug|Any CPU.ActiveCfg = Debug|Any CPU
		{F6A8E8E7-AA12-415E-BEFB-0DA04CC724E5}.Debug|Any CPU.Build.0 = Debug|Any CPU
		{F6A8E8E7-AA12-415E-BEFB-0DA04CC724E5}.Release|Any CPU.ActiveCfg = Release|Any CPU
		{F6A8E8E7-AA12-415E-BEFB-0DA04CC724E5}.Release|Any CPU.Build.0 = Release|Any CPU
	EndGlobalSection
	GlobalSection(SolutionProperties) = preSolution
		HideSolutionNode = FALSE
	EndGlobalSection
	GlobalSection(ExtensibilityGlobals) = postSolution
		SolutionGuid = {28CDF841-1126-48E3-9180-B230D71F4A42}
	EndGlobalSection
EndGlobal
